
Microsoft Visual Studio Solution File, Format Version 12.00
# Visual Studio 15
VisualStudioVersion = 15.0.27130.2027
MinimumVisualStudioVersion = 10.0.40219.1
Project("{FAE04EC0-301F-11D3-BF4B-00C04F79EFBC}") = "hackaton", "hackaton\hackaton.csproj", "{EF040F9B-00E0-4967-B5FC-16A54B5E36C9}"
EndProject
Global
	GlobalSection(SolutionConfigurationPlatforms) = preSolution
		Debug|Any CPU = Debug|Any CPU
		Release|Any CPU = Release|Any CPU
	EndGlobalSection
	GlobalSection(ProjectConfigurationPlatforms) = postSolution
		{EF040F9B-00E0-4967-B5FC-16A54B5E36C9}.Debug|Any CPU.ActiveCfg = Debug|Any CPU
		{EF040F9B-00E0-4967-B5FC-16A54B5E36C9}.Debug|Any CPU.Build.0 = Debug|Any CPU
		{EF040F9B-00E0-4967-B5FC-16A54B5E36C9}.Release|Any CPU.ActiveCfg = Release|Any CPU
		{EF040F9B-00E0-4967-B5FC-16A54B5E36C9}.Release|Any CPU.Build.0 = Release|Any CPU
	EndGlobalSection
	GlobalSection(SolutionProperties) = preSolution
		HideSolutionNode = FALSE
	EndGlobalSection
	GlobalSection(ExtensibilityGlobals) = postSolution
		SolutionGuid = {0E63F622-65F8-4A30-9FF9-4710813C4BF3}
	EndGlobalSection
EndGlobal
